
Microsoft Visual Studio Solution File, Format Version 12.00
# Visual Studio Version 16
VisualStudioVersion = 16.0.30907.101
MinimumVisualStudioVersion = 10.0.40219.1
Project("{4DF76451-A46A-4C0B-BE03-459FAAFA07E6}") = "MyGraph", "MyGraph.mproj", "{6D2EBD1E-555D-45D3-A227-62C243BA2687}"
EndProject
Global
	GlobalSection(SolutionConfigurationPlatforms) = preSolution
		Debug|x86 = Debug|x86
		Release|x86 = Release|x86
	EndGlobalSection
	GlobalSection(ProjectConfigurationPlatforms) = postSolution
		{6D2EBD1E-555D-45D3-A227-62C243BA2687}.Debug|x86.ActiveCfg = Debug|x86
		{6D2EBD1E-555D-45D3-A227-62C243BA2687}.Debug|x86.Build.0 = Debug|x86
		{6D2EBD1E-555D-45D3-A227-62C243BA2687}.Release|x86.ActiveCfg = Release|x86
		{6D2EBD1E-555D-45D3-A227-62C243BA2687}.Release|x86.Build.0 = Release|x86
	EndGlobalSection
	GlobalSection(SolutionProperties) = preSolution
		HideSolutionNode = FALSE
	EndGlobalSection
	GlobalSection(ExtensibilityGlobals) = postSolution
		SolutionGuid = {23A50D14-D228-429E-9F0B-2EF479F0B5BF}
	EndGlobalSection
EndGlobal
